// !$*UTF8*$!
{
	archiveVersion = 1;
	classes = {
	};
	objectVersion = 56;
	objects = {

/* Begin PBXBuildFile section */
		881C3D682A0A6530004BD236 /* AppDelegate.swift in Sources */ = {isa = PBXBuildFile; fileRef = 881C3D672A0A6530004BD236 /* AppDelegate.swift */; };
		881C3D6A2A0A6530004BD236 /* SceneDelegate.swift in Sources */ = {isa = PBXBuildFile; fileRef = 881C3D692A0A6530004BD236 /* SceneDelegate.swift */; };
		881C3D6C2A0A6530004BD236 /* MainViewController.swift in Sources */ = {isa = PBXBuildFile; fileRef = 881C3D6B2A0A6530004BD236 /* MainViewController.swift */; };
		881C3D722A0A6530004BD236 /* ToDoCDMVVM.xcdatamodeld in Sources */ = {isa = PBXBuildFile; fileRef = 881C3D702A0A6530004BD236 /* ToDoCDMVVM.xcdatamodeld */; };
		881C3D742A0A6531004BD236 /* Assets.xcassets in Resources */ = {isa = PBXBuildFile; fileRef = 881C3D732A0A6531004BD236 /* Assets.xcassets */; };
		881C3D772A0A6531004BD236 /* LaunchScreen.storyboard in Resources */ = {isa = PBXBuildFile; fileRef = 881C3D752A0A6531004BD236 /* LaunchScreen.storyboard */; };
		881C3D7F2A0A659C004BD236 /* MainViewModel.swift in Sources */ = {isa = PBXBuildFile; fileRef = 881C3D7E2A0A659C004BD236 /* MainViewModel.swift */; };
		881C3D842A0A692A004BD236 /* MainTableViewCell.swift in Sources */ = {isa = PBXBuildFile; fileRef = 881C3D832A0A692A004BD236 /* MainTableViewCell.swift */; };
		881C3D862A0A98FA004BD236 /* CoreDataManager.swift in Sources */ = {isa = PBXBuildFile; fileRef = 881C3D852A0A98FA004BD236 /* CoreDataManager.swift */; };
		881C3DEC2A139EE1004BD236 /* TestCoreDataManager.swift in Sources */ = {isa = PBXBuildFile; fileRef = 881C3DEB2A139EE1004BD236 /* TestCoreDataManager.swift */; };
		881C3DED2A139FB2004BD236 /* CoreDataManager.swift in Sources */ = {isa = PBXBuildFile; fileRef = 881C3D852A0A98FA004BD236 /* CoreDataManager.swift */; };
		881C3DEF2A13A188004BD236 /* TestManagerFunctionality.swift in Sources */ = {isa = PBXBuildFile; fileRef = 881C3DEE2A13A188004BD236 /* TestManagerFunctionality.swift */; };
		881C3DF02A13A620004BD236 /* ToDoCDMVVM.xcdatamodeld in Sources */ = {isa = PBXBuildFile; fileRef = 881C3D702A0A6530004BD236 /* ToDoCDMVVM.xcdatamodeld */; };
		881C3DF32A14262D004BD236 /* Localizable.strings in Resources */ = {isa = PBXBuildFile; fileRef = 881C3DF52A14262D004BD236 /* Localizable.strings */; };
/* End PBXBuildFile section */

/* Begin PBXContainerItemProxy section */
		881C3DE42A12D802004BD236 /* PBXContainerItemProxy */ = {
			isa = PBXContainerItemProxy;
			containerPortal = 881C3D5C2A0A6530004BD236 /* Project object */;
			proxyType = 1;
			remoteGlobalIDString = 881C3D632A0A6530004BD236;
			remoteInfo = ToDoCDMVVM;
		};
/* End PBXContainerItemProxy section */

/* Begin PBXFileReference section */
		881C3D642A0A6530004BD236 /* ToDoCDMVVM.app */ = {isa = PBXFileReference; explicitFileType = wrapper.application; includeInIndex = 0; path = ToDoCDMVVM.app; sourceTree = BUILT_PRODUCTS_DIR; };
		881C3D672A0A6530004BD236 /* AppDelegate.swift */ = {isa = PBXFileReference; lastKnownFileType = sourcecode.swift; path = AppDelegate.swift; sourceTree = "<group>"; };
		881C3D692A0A6530004BD236 /* SceneDelegate.swift */ = {isa = PBXFileReference; lastKnownFileType = sourcecode.swift; path = SceneDelegate.swift; sourceTree = "<group>"; };
		881C3D6B2A0A6530004BD236 /* MainViewController.swift */ = {isa = PBXFileReference; lastKnownFileType = sourcecode.swift; path = MainViewController.swift; sourceTree = "<group>"; };
		881C3D712A0A6530004BD236 /* ToDoCDMVVM.xcdatamodel */ = {isa = PBXFileReference; lastKnownFileType = wrapper.xcdatamodel; path = ToDoCDMVVM.xcdatamodel; sourceTree = "<group>"; };
		881C3D732A0A6531004BD236 /* Assets.xcassets */ = {isa = PBXFileReference; lastKnownFileType = folder.assetcatalog; path = Assets.xcassets; sourceTree = "<group>"; };
		881C3D762A0A6531004BD236 /* Base */ = {isa = PBXFileReference; lastKnownFileType = file.storyboard; name = Base; path = Base.lproj/LaunchScreen.storyboard; sourceTree = "<group>"; };
		881C3D782A0A6531004BD236 /* Info.plist */ = {isa = PBXFileReference; lastKnownFileType = text.plist.xml; path = Info.plist; sourceTree = "<group>"; };
		881C3D7E2A0A659C004BD236 /* MainViewModel.swift */ = {isa = PBXFileReference; lastKnownFileType = sourcecode.swift; path = MainViewModel.swift; sourceTree = "<group>"; };
		881C3D832A0A692A004BD236 /* MainTableViewCell.swift */ = {isa = PBXFileReference; lastKnownFileType = sourcecode.swift; path = MainTableViewCell.swift; sourceTree = "<group>"; };
		881C3D852A0A98FA004BD236 /* CoreDataManager.swift */ = {isa = PBXFileReference; lastKnownFileType = sourcecode.swift; path = CoreDataManager.swift; sourceTree = "<group>"; };
		881C3DE02A12D802004BD236 /* ToDoCDMVVMTests.xctest */ = {isa = PBXFileReference; explicitFileType = wrapper.cfbundle; includeInIndex = 0; path = ToDoCDMVVMTests.xctest; sourceTree = BUILT_PRODUCTS_DIR; };
		881C3DEB2A139EE1004BD236 /* TestCoreDataManager.swift */ = {isa = PBXFileReference; lastKnownFileType = sourcecode.swift; path = TestCoreDataManager.swift; sourceTree = "<group>"; };
		881C3DEE2A13A188004BD236 /* TestManagerFunctionality.swift */ = {isa = PBXFileReference; lastKnownFileType = sourcecode.swift; path = TestManagerFunctionality.swift; sourceTree = "<group>"; };
		881C3DF42A14262D004BD236 /* en */ = {isa = PBXFileReference; lastKnownFileType = text.plist.strings; name = en; path = en.lproj/Localizable.strings; sourceTree = "<group>"; };
		881C3DF62A14277E004BD236 /* ru */ = {isa = PBXFileReference; lastKnownFileType = text.plist.strings; name = ru; path = ru.lproj/Localizable.strings; sourceTree = "<group>"; };
/* End PBXFileReference section */

/* Begin PBXFrameworksBuildPhase section */
		881C3D612A0A6530004BD236 /* Frameworks */ = {
			isa = PBXFrameworksBuildPhase;
			buildActionMask = 2147483647;
			files = (
			);
			runOnlyForDeploymentPostprocessing = 0;
		};
		881C3DDD2A12D802004BD236 /* Frameworks */ = {
			isa = PBXFrameworksBuildPhase;
			buildActionMask = 2147483647;
			files = (
			);
			runOnlyForDeploymentPostprocessing = 0;
		};
/* End PBXFrameworksBuildPhase section */

/* Begin PBXGroup section */
		881C3D5B2A0A6530004BD236 = {
			isa = PBXGroup;
			children = (
				881C3D662A0A6530004BD236 /* ToDoCDMVVM */,
				881C3DE12A12D802004BD236 /* ToDoCDMVVMTests */,
				881C3D652A0A6530004BD236 /* Products */,
			);
			sourceTree = "<group>";
		};
		881C3D652A0A6530004BD236 /* Products */ = {
			isa = PBXGroup;
			children = (
				881C3D642A0A6530004BD236 /* ToDoCDMVVM.app */,
				881C3DE02A12D802004BD236 /* ToDoCDMVVMTests.xctest */,
			);
			name = Products;
			sourceTree = "<group>";
		};
		881C3D662A0A6530004BD236 /* ToDoCDMVVM */ = {
			isa = PBXGroup;
			children = (
				881C3DD92A12D667004BD236 /* AppCore */,
				881C3DD82A12D658004BD236 /* Models */,
				881C3D822A0A65CB004BD236 /* Resources */,
				881C3DD52A12D626004BD236 /* Views */,
				881C3DD62A12D640004BD236 /* ViewModel */,
				881C3DD72A12D64C004BD236 /* Managers */,
				881C3D782A0A6531004BD236 /* Info.plist */,
				881C3DF52A14262D004BD236 /* Localizable.strings */,
			);
			path = ToDoCDMVVM;
			sourceTree = "<group>";
		};
		881C3D822A0A65CB004BD236 /* Resources */ = {
			isa = PBXGroup;
			children = (
				881C3D752A0A6531004BD236 /* LaunchScreen.storyboard */,
				881C3D732A0A6531004BD236 /* Assets.xcassets */,
			);
			path = Resources;
			sourceTree = "<group>";
		};
		881C3DD52A12D626004BD236 /* Views */ = {
			isa = PBXGroup;
			children = (
				881C3D832A0A692A004BD236 /* MainTableViewCell.swift */,
				881C3D6B2A0A6530004BD236 /* MainViewController.swift */,
			);
			path = Views;
			sourceTree = "<group>";
		};
		881C3DD62A12D640004BD236 /* ViewModel */ = {
			isa = PBXGroup;
			children = (
				881C3D7E2A0A659C004BD236 /* MainViewModel.swift */,
			);
			path = ViewModel;
			sourceTree = "<group>";
		};
		881C3DD72A12D64C004BD236 /* Managers */ = {
			isa = PBXGroup;
			children = (
				881C3D852A0A98FA004BD236 /* CoreDataManager.swift */,
			);
			path = Managers;
			sourceTree = "<group>";
		};
		881C3DD82A12D658004BD236 /* Models */ = {
			isa = PBXGroup;
			children = (
				881C3D702A0A6530004BD236 /* ToDoCDMVVM.xcdatamodeld */,
			);
			path = Models;
			sourceTree = "<group>";
		};
		881C3DD92A12D667004BD236 /* AppCore */ = {
			isa = PBXGroup;
			children = (
				881C3D672A0A6530004BD236 /* AppDelegate.swift */,
				881C3D692A0A6530004BD236 /* SceneDelegate.swift */,
			);
			path = AppCore;
			sourceTree = "<group>";
		};
		881C3DE12A12D802004BD236 /* ToDoCDMVVMTests */ = {
			isa = PBXGroup;
			children = (
				881C3DEB2A139EE1004BD236 /* TestCoreDataManager.swift */,
				881C3DEE2A13A188004BD236 /* TestManagerFunctionality.swift */,
			);
			path = ToDoCDMVVMTests;
			sourceTree = "<group>";
		};
/* End PBXGroup section */

/* Begin PBXNativeTarget section */
		881C3D632A0A6530004BD236 /* ToDoCDMVVM */ = {
			isa = PBXNativeTarget;
			buildConfigurationList = 881C3D7B2A0A6531004BD236 /* Build configuration list for PBXNativeTarget "ToDoCDMVVM" */;
			buildPhases = (
				881C3D602A0A6530004BD236 /* Sources */,
				881C3D612A0A6530004BD236 /* Frameworks */,
				881C3D622A0A6530004BD236 /* Resources */,
			);
			buildRules = (
			);
			dependencies = (
			);
			name = ToDoCDMVVM;
			productName = ToDoCDMVVM;
			productReference = 881C3D642A0A6530004BD236 /* ToDoCDMVVM.app */;
			productType = "com.apple.product-type.application";
		};
		881C3DDF2A12D802004BD236 /* ToDoCDMVVMTests */ = {
			isa = PBXNativeTarget;
			buildConfigurationList = 881C3DE62A12D802004BD236 /* Build configuration list for PBXNativeTarget "ToDoCDMVVMTests" */;
			buildPhases = (
				881C3DDC2A12D802004BD236 /* Sources */,
				881C3DDD2A12D802004BD236 /* Frameworks */,
				881C3DDE2A12D802004BD236 /* Resources */,
			);
			buildRules = (
			);
			dependencies = (
				881C3DE52A12D802004BD236 /* PBXTargetDependency */,
			);
			name = ToDoCDMVVMTests;
			productName = ToDoCDMVVMTests;
			productReference = 881C3DE02A12D802004BD236 /* ToDoCDMVVMTests.xctest */;
			productType = "com.apple.product-type.bundle.unit-test";
		};
/* End PBXNativeTarget section */

/* Begin PBXProject section */
		881C3D5C2A0A6530004BD236 /* Project object */ = {
			isa = PBXProject;
			attributes = {
				BuildIndependentTargetsInParallel = 1;
				LastSwiftUpdateCheck = 1420;
				LastUpgradeCheck = 1420;
				TargetAttributes = {
					881C3D632A0A6530004BD236 = {
						CreatedOnToolsVersion = 14.2;
					};
					881C3DDF2A12D802004BD236 = {
						CreatedOnToolsVersion = 14.2;
						LastSwiftMigration = 1420;
						TestTargetID = 881C3D632A0A6530004BD236;
					};
				};
			};
			buildConfigurationList = 881C3D5F2A0A6530004BD236 /* Build configuration list for PBXProject "ToDoCDMVVM" */;
			compatibilityVersion = "Xcode 14.0";
			developmentRegion = en;
			hasScannedForEncodings = 0;
			knownRegions = (
				en,
				Base,
				ru,
			);
			mainGroup = 881C3D5B2A0A6530004BD236;
			productRefGroup = 881C3D652A0A6530004BD236 /* Products */;
			projectDirPath = "";
			projectRoot = "";
			targets = (
				881C3D632A0A6530004BD236 /* ToDoCDMVVM */,
				881C3DDF2A12D802004BD236 /* ToDoCDMVVMTests */,
			);
		};
/* End PBXProject section */

/* Begin PBXResourcesBuildPhase section */
		881C3D622A0A6530004BD236 /* Resources */ = {
			isa = PBXResourcesBuildPhase;
			buildActionMask = 2147483647;
			files = (
				881C3D772A0A6531004BD236 /* LaunchScreen.storyboard in Resources */,
				881C3DF32A14262D004BD236 /* Localizable.strings in Resources */,
				881C3D742A0A6531004BD236 /* Assets.xcassets in Resources */,
			);
			runOnlyForDeploymentPostprocessing = 0;
		};
		881C3DDE2A12D802004BD236 /* Resources */ = {
			isa = PBXResourcesBuildPhase;
			buildActionMask = 2147483647;
			files = (
			);
			runOnlyForDeploymentPostprocessing = 0;
		};
/* End PBXResourcesBuildPhase section */

/* Begin PBXSourcesBuildPhase section */
		881C3D602A0A6530004BD236 /* Sources */ = {
			isa = PBXSourcesBuildPhase;
			buildActionMask = 2147483647;
			files = (
				881C3D7F2A0A659C004BD236 /* MainViewModel.swift in Sources */,
				881C3D6C2A0A6530004BD236 /* MainViewController.swift in Sources */,
				881C3D842A0A692A004BD236 /* MainTableViewCell.swift in Sources */,
				881C3D682A0A6530004BD236 /* AppDelegate.swift in Sources */,
				881C3D722A0A6530004BD236 /* ToDoCDMVVM.xcdatamodeld in Sources */,
				881C3D862A0A98FA004BD236 /* CoreDataManager.swift in Sources */,
				881C3D6A2A0A6530004BD236 /* SceneDelegate.swift in Sources */,
			);
			runOnlyForDeploymentPostprocessing = 0;
		};
		881C3DDC2A12D802004BD236 /* Sources */ = {
			isa = PBXSourcesBuildPhase;
			buildActionMask = 2147483647;
			files = (
				881C3DEF2A13A188004BD236 /* TestManagerFunctionality.swift in Sources */,
				881C3DED2A139FB2004BD236 /* CoreDataManager.swift in Sources */,
				881C3DF02A13A620004BD236 /* ToDoCDMVVM.xcdatamodeld in Sources */,
				881C3DEC2A139EE1004BD236 /* TestCoreDataManager.swift in Sources */,
			);
			runOnlyForDeploymentPostprocessing = 0;
		};
/* End PBXSourcesBuildPhase section */

/* Begin PBXTargetDependency section */
		881C3DE52A12D802004BD236 /* PBXTargetDependency */ = {
			isa = PBXTargetDependency;
			target = 881C3D632A0A6530004BD236 /* ToDoCDMVVM */;
			targetProxy = 881C3DE42A12D802004BD236 /* PBXContainerItemProxy */;
		};
/* End PBXTargetDependency section */

/* Begin PBXVariantGroup section */
		881C3D752A0A6531004BD236 /* LaunchScreen.storyboard */ = {
			isa = PBXVariantGroup;
			children = (
				881C3D762A0A6531004BD236 /* Base */,
			);
			name = LaunchScreen.storyboard;
			sourceTree = "<group>";
		};
		881C3DF52A14262D004BD236 /* Localizable.strings */ = {
			isa = PBXVariantGroup;
			children = (
				881C3DF42A14262D004BD236 /* en */,
				881C3DF62A14277E004BD236 /* ru */,
			);
			name = Localizable.strings;
			sourceTree = "<group>";
		};
/* End PBXVariantGroup section */

/* Begin XCBuildConfiguration section */
		881C3D792A0A6531004BD236 /* Debug */ = {
			isa = XCBuildConfiguration;
			buildSettings = {
				ALWAYS_SEARCH_USER_PATHS = NO;
				CLANG_ANALYZER_LOCALIZABILITY_NONLOCALIZED = YES;
				CLANG_ANALYZER_NONNULL = YES;
				CLANG_ANALYZER_NUMBER_OBJECT_CONVERSION = YES_AGGRESSIVE;
				CLANG_CXX_LANGUAGE_STANDARD = "gnu++20";
				CLANG_ENABLE_MODULES = YES;
				CLANG_ENABLE_OBJC_ARC = YES;
				CLANG_ENABLE_OBJC_WEAK = YES;
				CLANG_WARN_BLOCK_CAPTURE_AUTORELEASING = YES;
				CLANG_WARN_BOOL_CONVERSION = YES;
				CLANG_WARN_COMMA = YES;
				CLANG_WARN_CONSTANT_CONVERSION = YES;
				CLANG_WARN_DEPRECATED_OBJC_IMPLEMENTATIONS = YES;
				CLANG_WARN_DIRECT_OBJC_ISA_USAGE = YES_ERROR;
				CLANG_WARN_DOCUMENTATION_COMMENTS = YES;
				CLANG_WARN_EMPTY_BODY = YES;
				CLANG_WARN_ENUM_CONVERSION = YES;
				CLANG_WARN_INFINITE_RECURSION = YES;
				CLANG_WARN_INT_CONVERSION = YES;
				CLANG_WARN_NON_LITERAL_NULL_CONVERSION = YES;
				CLANG_WARN_OBJC_IMPLICIT_RETAIN_SELF = YES;
				CLANG_WARN_OBJC_LITERAL_CONVERSION = YES;
				CLANG_WARN_OBJC_ROOT_CLASS = YES_ERROR;
				CLANG_WARN_QUOTED_INCLUDE_IN_FRAMEWORK_HEADER = YES;
				CLANG_WARN_RANGE_LOOP_ANALYSIS = YES;
				CLANG_WARN_STRICT_PROTOTYPES = YES;
				CLANG_WARN_SUSPICIOUS_MOVE = YES;
				CLANG_WARN_UNGUARDED_AVAILABILITY = YES_AGGRESSIVE;
				CLANG_WARN_UNREACHABLE_CODE = YES;
				CLANG_WARN__DUPLICATE_METHOD_MATCH = YES;
				COPY_PHASE_STRIP = NO;
				DEBUG_INFORMATION_FORMAT = dwarf;
				ENABLE_STRICT_OBJC_MSGSEND = YES;
				ENABLE_TESTABILITY = YES;
				GCC_C_LANGUAGE_STANDARD = gnu11;
				GCC_DYNAMIC_NO_PIC = NO;
				GCC_NO_COMMON_BLOCKS = YES;
				GCC_OPTIMIZATION_LEVEL = 0;
				GCC_PREPROCESSOR_DEFINITIONS = (
					"DEBUG=1",
					"$(inherited)",
				);
				GCC_WARN_64_TO_32_BIT_CONVERSION = YES;
				GCC_WARN_ABOUT_RETURN_TYPE = YES_ERROR;
				GCC_WARN_UNDECLARED_SELECTOR = YES;
				GCC_WARN_UNINITIALIZED_AUTOS = YES_AGGRESSIVE;
				GCC_WARN_UNUSED_FUNCTION = YES;
				GCC_WARN_UNUSED_VARIABLE = YES;
				IPHONEOS_DEPLOYMENT_TARGET = 16.2;
				MTL_ENABLE_DEBUG_INFO = INCLUDE_SOURCE;
				MTL_FAST_MATH = YES;
				ONLY_ACTIVE_ARCH = YES;
				SDKROOT = iphoneos;
				SWIFT_ACTIVE_COMPILATION_CONDITIONS = DEBUG;
				SWIFT_OPTIMIZATION_LEVEL = "-Onone";
			};
			name = Debug;
		};
		881C3D7A2A0A6531004BD236 /* Release */ = {
			isa = XCBuildConfiguration;
			buildSettings = {
				ALWAYS_SEARCH_USER_PATHS = NO;
				CLANG_ANALYZER_LOCALIZABILITY_NONLOCALIZED = YES;
				CLANG_ANALYZER_NONNULL = YES;
				CLANG_ANALYZER_NUMBER_OBJECT_CONVERSION = YES_AGGRESSIVE;
				CLANG_CXX_LANGUAGE_STANDARD = "gnu++20";
				CLANG_ENABLE_MODULES = YES;
				CLANG_ENABLE_OBJC_ARC = YES;
				CLANG_ENABLE_OBJC_WEAK = YES;
				CLANG_WARN_BLOCK_CAPTURE_AUTORELEASING = YES;
				CLANG_WARN_BOOL_CONVERSION = YES;
				CLANG_WARN_COMMA = YES;
				CLANG_WARN_CONSTANT_CONVERSION = YES;
				CLANG_WARN_DEPRECATED_OBJC_IMPLEMENTATIONS = YES;
				CLANG_WARN_DIRECT_OBJC_ISA_USAGE = YES_ERROR;
				CLANG_WARN_DOCUMENTATION_COMMENTS = YES;
				CLANG_WARN_EMPTY_BODY = YES;
				CLANG_WARN_ENUM_CONVERSION = YES;
				CLANG_WARN_INFINITE_RECURSION = YES;
				CLANG_WARN_INT_CONVERSION = YES;
				CLANG_WARN_NON_LITERAL_NULL_CONVERSION = YES;
				CLANG_WARN_OBJC_IMPLICIT_RETAIN_SELF = YES;
				CLANG_WARN_OBJC_LITERAL_CONVERSION = YES;
				CLANG_WARN_OBJC_ROOT_CLASS = YES_ERROR;
				CLANG_WARN_QUOTED_INCLUDE_IN_FRAMEWORK_HEADER = YES;
				CLANG_WARN_RANGE_LOOP_ANALYSIS = YES;
				CLANG_WARN_STRICT_PROTOTYPES = YES;
				CLANG_WARN_SUSPICIOUS_MOVE = YES;
				CLANG_WARN_UNGUARDED_AVAILABILITY = YES_AGGRESSIVE;
				CLANG_WARN_UNREACHABLE_CODE = YES;
				CLANG_WARN__DUPLICATE_METHOD_MATCH = YES;
				COPY_PHASE_STRIP = NO;
				DEBUG_INFORMATION_FORMAT = "dwarf-with-dsym";
				ENABLE_NS_ASSERTIONS = NO;
				ENABLE_STRICT_OBJC_MSGSEND = YES;
				GCC_C_LANGUAGE_STANDARD = gnu11;
				GCC_NO_COMMON_BLOCKS = YES;
				GCC_WARN_64_TO_32_BIT_CONVERSION = YES;
				GCC_WARN_ABOUT_RETURN_TYPE = YES_ERROR;
				GCC_WARN_UNDECLARED_SELECTOR = YES;
				GCC_WARN_UNINITIALIZED_AUTOS = YES_AGGRESSIVE;
				GCC_WARN_UNUSED_FUNCTION = YES;
				GCC_WARN_UNUSED_VARIABLE = YES;
				IPHONEOS_DEPLOYMENT_TARGET = 16.2;
				MTL_ENABLE_DEBUG_INFO = NO;
				MTL_FAST_MATH = YES;
				SDKROOT = iphoneos;
				SWIFT_COMPILATION_MODE = wholemodule;
				SWIFT_OPTIMIZATION_LEVEL = "-O";
				VALIDATE_PRODUCT = YES;
			};
			name = Release;
		};
		881C3D7C2A0A6531004BD236 /* Debug */ = {
			isa = XCBuildConfiguration;
			buildSettings = {
				ASSETCATALOG_COMPILER_APPICON_NAME = AppIcon;
				ASSETCATALOG_COMPILER_GLOBAL_ACCENT_COLOR_NAME = AccentColor;
				CODE_SIGN_STYLE = Automatic;
				CURRENT_PROJECT_VERSION = 1;
				GENERATE_INFOPLIST_FILE = YES;
				INFOPLIST_FILE = ToDoCDMVVM/Info.plist;
				INFOPLIST_KEY_UIApplicationSupportsIndirectInputEvents = YES;
				INFOPLIST_KEY_UILaunchStoryboardName = LaunchScreen;
				INFOPLIST_KEY_UISupportedInterfaceOrientations_iPad = "UIInterfaceOrientationPortrait UIInterfaceOrientationPortraitUpsideDown UIInterfaceOrientationLandscapeLeft UIInterfaceOrientationLandscapeRight";
				INFOPLIST_KEY_UISupportedInterfaceOrientations_iPhone = "UIInterfaceOrientationPortrait UIInterfaceOrientationLandscapeLeft UIInterfaceOrientationLandscapeRight";
				LD_RUNPATH_SEARCH_PATHS = (
					"$(inherited)",
					"@executable_path/Frameworks",
				);
				MARKETING_VERSION = 1.0;
				PRODUCT_BUNDLE_IDENTIFIER = test.com.ToDoCDMVVM;
				PRODUCT_NAME = "$(TARGET_NAME)";
				SWIFT_EMIT_LOC_STRINGS = YES;
				SWIFT_VERSION = 5.0;
				TARGETED_DEVICE_FAMILY = "1,2";
			};
			name = Debug;
		};
		881C3D7D2A0A6531004BD236 /* Release */ = {
			isa = XCBuildConfiguration;
			buildSettings = {
				ASSETCATALOG_COMPILER_APPICON_NAME = AppIcon;
				ASSETCATALOG_COMPILER_GLOBAL_ACCENT_COLOR_NAME = AccentColor;
				CODE_SIGN_STYLE = Automatic;
				CURRENT_PROJECT_VERSION = 1;
				GENERATE_INFOPLIST_FILE = YES;
				INFOPLIST_FILE = ToDoCDMVVM/Info.plist;
				INFOPLIST_KEY_UIApplicationSupportsIndirectInputEvents = YES;
				INFOPLIST_KEY_UILaunchStoryboardName = LaunchScreen;
				INFOPLIST_KEY_UISupportedInterfaceOrientations_iPad = "UIInterfaceOrientationPortrait UIInterfaceOrientationPortraitUpsideDown UIInterfaceOrientationLandscapeLeft UIInterfaceOrientationLandscapeRight";
				INFOPLIST_KEY_UISupportedInterfaceOrientations_iPhone = "UIInterfaceOrientationPortrait UIInterfaceOrientationLandscapeLeft UIInterfaceOrientationLandscapeRight";
				LD_RUNPATH_SEARCH_PATHS = (
					"$(inherited)",
					"@executable_path/Frameworks",
				);
				MARKETING_VERSION = 1.0;
				PRODUCT_BUNDLE_IDENTIFIER = test.com.ToDoCDMVVM;
				PRODUCT_NAME = "$(TARGET_NAME)";
				SWIFT_EMIT_LOC_STRINGS = YES;
				SWIFT_VERSION = 5.0;
				TARGETED_DEVICE_FAMILY = "1,2";
			};
			name = Release;
		};
		881C3DE72A12D802004BD236 /* Debug */ = {
			isa = XCBuildConfiguration;
			buildSettings = {
				BUNDLE_LOADER = "$(TEST_HOST)";
				CLANG_ENABLE_MODULES = YES;
				CODE_SIGN_STYLE = Automatic;
				CURRENT_PROJECT_VERSION = 1;
				GENERATE_INFOPLIST_FILE = YES;
				LD_RUNPATH_SEARCH_PATHS = (
					"$(inherited)",
					"@executable_path/Frameworks",
					"@loader_path/Frameworks",
				);
				MARKETING_VERSION = 1.0;
				PRODUCT_BUNDLE_IDENTIFIER = test.com.ToDoCDMVVMTests;
				PRODUCT_NAME = "$(TARGET_NAME)";
				SWIFT_EMIT_LOC_STRINGS = NO;
				SWIFT_OPTIMIZATION_LEVEL = "-Onone";
				SWIFT_VERSION = 5.0;
				TARGETED_DEVICE_FAMILY = "1,2";
				TEST_HOST = "$(BUILT_PRODUCTS_DIR)/ToDoCDMVVM.app/$(BUNDLE_EXECUTABLE_FOLDER_PATH)/ToDoCDMVVM";
			};
			name = Debug;
		};
		881C3DE82A12D802004BD236 /* Release */ = {
			isa = XCBuildConfiguration;
			buildSettings = {
				BUNDLE_LOADER = "$(TEST_HOST)";
				CLANG_ENABLE_MODULES = YES;
				CODE_SIGN_STYLE = Automatic;
				CURRENT_PROJECT_VERSION = 1;
				GENERATE_INFOPLIST_FILE = YES;
				LD_RUNPATH_SEARCH_PATHS = (
					"$(inherited)",
					"@executable_path/Frameworks",
					"@loader_path/Frameworks",
				);
				MARKETING_VERSION = 1.0;
				PRODUCT_BUNDLE_IDENTIFIER = test.com.ToDoCDMVVMTests;
				PRODUCT_NAME = "$(TARGET_NAME)";
				SWIFT_EMIT_LOC_STRINGS = NO;
				SWIFT_VERSION = 5.0;
				TARGETED_DEVICE_FAMILY = "1,2";
				TEST_HOST = "$(BUILT_PRODUCTS_DIR)/ToDoCDMVVM.app/$(BUNDLE_EXECUTABLE_FOLDER_PATH)/ToDoCDMVVM";
			};
			name = Release;
		};
/* End XCBuildConfiguration section */

/* Begin XCConfigurationList section */
		881C3D5F2A0A6530004BD236 /* Build configuration list for PBXProject "ToDoCDMVVM" */ = {
			isa = XCConfigurationList;
			buildConfigurations = (
				881C3D792A0A6531004BD236 /* Debug */,
				881C3D7A2A0A6531004BD236 /* Release */,
			);
			defaultConfigurationIsVisible = 0;
			defaultConfigurationName = Release;
		};
		881C3D7B2A0A6531004BD236 /* Build configuration list for PBXNativeTarget "ToDoCDMVVM" */ = {
			isa = XCConfigurationList;
			buildConfigurations = (
				881C3D7C2A0A6531004BD236 /* Debug */,
				881C3D7D2A0A6531004BD236 /* Release */,
			);
			defaultConfigurationIsVisible = 0;
			defaultConfigurationName = Release;
		};
		881C3DE62A12D802004BD236 /* Build configuration list for PBXNativeTarget "ToDoCDMVVMTests" */ = {
			isa = XCConfigurationList;
			buildConfigurations = (
				881C3DE72A12D802004BD236 /* Debug */,
				881C3DE82A12D802004BD236 /* Release */,
			);
			defaultConfigurationIsVisible = 0;
			defaultConfigurationName = Release;
		};
/* End XCConfigurationList section */

/* Begin XCVersionGroup section */
		881C3D702A0A6530004BD236 /* ToDoCDMVVM.xcdatamodeld */ = {
			isa = XCVersionGroup;
			children = (
				881C3D712A0A6530004BD236 /* ToDoCDMVVM.xcdatamodel */,
			);
			currentVersion = 881C3D712A0A6530004BD236 /* ToDoCDMVVM.xcdatamodel */;
			path = ToDoCDMVVM.xcdatamodeld;
			sourceTree = "<group>";
			versionGroupType = wrapper.xcdatamodel;
		};
/* End XCVersionGroup section */
	};
	rootObject = 881C3D5C2A0A6530004BD236 /* Project object */;
}
